
Microsoft Visual Studio Solution File, Format Version 12.00
# Visual Studio Version 16
VisualStudioVersion = 16.0.30128.74
MinimumVisualStudioVersion = 10.0.40219.1
Project("{FAE04EC0-301F-11D3-BF4B-00C04F79EFBC}") = "HomeWork3", "HomeWork3\HomeWork3.csproj", "{F1E4845D-6F82-48D6-8EDA-1AB1E03DDA16}"
EndProject
Project("{FAE04EC0-301F-11D3-BF4B-00C04F79EFBC}") = "AdditionClass", "AdditionClass\AdditionClass.csproj", "{5717F8FB-81BB-4A80-8BCD-ACC72B0A66B6}"
EndProject
Global
	GlobalSection(SolutionConfigurationPlatforms) = preSolution
		Debug|Any CPU = Debug|Any CPU
		Release|Any CPU = Release|Any CPU
	EndGlobalSection
	GlobalSection(ProjectConfigurationPlatforms) = postSolution
		{F1E4845D-6F82-48D6-8EDA-1AB1E03DDA16}.Debug|Any CPU.ActiveCfg = Debug|Any CPU
		{F1E4845D-6F82-48D6-8EDA-1AB1E03DDA16}.Debug|Any CPU.Build.0 = Debug|Any CPU
		{F1E4845D-6F82-48D6-8EDA-1AB1E03DDA16}.Release|Any CPU.ActiveCfg = Release|Any CPU
		{F1E4845D-6F82-48D6-8EDA-1AB1E03DDA16}.Release|Any CPU.Build.0 = Release|Any CPU
		{5717F8FB-81BB-4A80-8BCD-ACC72B0A66B6}.Debug|Any CPU.ActiveCfg = Debug|Any CPU
		{5717F8FB-81BB-4A80-8BCD-ACC72B0A66B6}.Debug|Any CPU.Build.0 = Debug|Any CPU
		{5717F8FB-81BB-4A80-8BCD-ACC72B0A66B6}.Release|Any CPU.ActiveCfg = Release|Any CPU
		{5717F8FB-81BB-4A80-8BCD-ACC72B0A66B6}.Release|Any CPU.Build.0 = Release|Any CPU
	EndGlobalSection
	GlobalSection(SolutionProperties) = preSolution
		HideSolutionNode = FALSE
	EndGlobalSection
	GlobalSection(ExtensibilityGlobals) = postSolution
		SolutionGuid = {E3314EEB-9965-4631-80D2-1323764E4030}
	EndGlobalSection
EndGlobal
